
Microsoft Visual Studio Solution File, Format Version 12.00
# Visual Studio Version 16
VisualStudioVersion = 16.0.31727.386
MinimumVisualStudioVersion = 10.0.40219.1
Project("{FAE04EC0-301F-11D3-BF4B-00C04F79EFBC}") = "VedroidLab3.Android", "VedroidLab3\VedroidLab3.Android\VedroidLab3.Android.csproj", "{1A088780-D89D-4A19-8633-80F8843E6B74}"
EndProject
Project("{FAE04EC0-301F-11D3-BF4B-00C04F79EFBC}") = "VedroidLab3.iOS", "VedroidLab3\VedroidLab3.iOS\VedroidLab3.iOS.csproj", "{8CBBADFF-C0C6-438C-B0C8-B6AC1CE1F367}"
EndProject
Project("{FAE04EC0-301F-11D3-BF4B-00C04F79EFBC}") = "VedroidLab3", "VedroidLab3\VedroidLab3\VedroidLab3.csproj", "{5587140A-B5E3-4756-ACEA-B26492DFE151}"
EndProject
Global
	GlobalSection(SolutionConfigurationPlatforms) = preSolution
		Debug|Any CPU = Debug|Any CPU
		Debug|ARM = Debug|ARM
		Debug|iPhone = Debug|iPhone
		Debug|iPhoneSimulator = Debug|iPhoneSimulator
		Debug|x64 = Debug|x64
		Debug|x86 = Debug|x86
		Release|Any CPU = Release|Any CPU
		Release|ARM = Release|ARM
		Release|iPhone = Release|iPhone
		Release|iPhoneSimulator = Release|iPhoneSimulator
		Release|x64 = Release|x64
		Release|x86 = Release|x86
	EndGlobalSection
	GlobalSection(ProjectConfigurationPlatforms) = postSolution
		{1A088780-D89D-4A19-8633-80F8843E6B74}.Debug|Any CPU.ActiveCfg = Debug|Any CPU
		{1A088780-D89D-4A19-8633-80F8843E6B74}.Debug|Any CPU.Build.0 = Debug|Any CPU
		{1A088780-D89D-4A19-8633-80F8843E6B74}.Debug|Any CPU.Deploy.0 = Debug|Any CPU
		{1A088780-D89D-4A19-8633-80F8843E6B74}.Debug|ARM.ActiveCfg = Debug|Any CPU
		{1A088780-D89D-4A19-8633-80F8843E6B74}.Debug|ARM.Build.0 = Debug|Any CPU
		{1A088780-D89D-4A19-8633-80F8843E6B74}.Debug|ARM.Deploy.0 = Debug|Any CPU
		{1A088780-D89D-4A19-8633-80F8843E6B74}.Debug|iPhone.ActiveCfg = Debug|Any CPU
		{1A088780-D89D-4A19-8633-80F8843E6B74}.Debug|iPhone.Build.0 = Debug|Any CPU
		{1A088780-D89D-4A19-8633-80F8843E6B74}.Debug|iPhone.Deploy.0 = Debug|Any CPU
		{1A088780-D89D-4A19-8633-80F8843E6B74}.Debug|iPhoneSimulator.ActiveCfg = Debug|Any CPU
		{1A088780-D89D-4A19-8633-80F8843E6B74}.Debug|iPhoneSimulator.Build.0 = Debug|Any CPU
		{1A088780-D89D-4A19-8633-80F8843E6B74}.Debug|iPhoneSimulator.Deploy.0 = Debug|Any CPU
		{1A088780-D89D-4A19-8633-80F8843E6B74}.Debug|x64.ActiveCfg = Debug|Any CPU
		{1A088780-D89D-4A19-8633-80F8843E6B74}.Debug|x64.Build.0 = Debug|Any CPU
		{1A088780-D89D-4A19-8633-80F8843E6B74}.Debug|x64.Deploy.0 = Debug|Any CPU
		{1A088780-D89D-4A19-8633-80F8843E6B74}.Debug|x86.ActiveCfg = Debug|Any CPU
		{1A088780-D89D-4A19-8633-80F8843E6B74}.Debug|x86.Build.0 = Debug|Any CPU
		{1A088780-D89D-4A19-8633-80F8843E6B74}.Debug|x86.Deploy.0 = Debug|Any CPU
		{1A088780-D89D-4A19-8633-80F8843E6B74}.Release|Any CPU.ActiveCfg = Release|Any CPU
		{1A088780-D89D-4A19-8633-80F8843E6B74}.Release|Any CPU.Build.0 = Release|Any CPU
		{1A088780-D89D-4A19-8633-80F8843E6B74}.Release|Any CPU.Deploy.0 = Release|Any CPU
		{1A088780-D89D-4A19-8633-80F8843E6B74}.Release|ARM.ActiveCfg = Release|Any CPU
		{1A088780-D89D-4A19-8633-80F8843E6B74}.Release|ARM.Build.0 = Release|Any CPU
		{1A088780-D89D-4A19-8633-80F8843E6B74}.Release|ARM.Deploy.0 = Release|Any CPU
		{1A088780-D89D-4A19-8633-80F8843E6B74}.Release|iPhone.ActiveCfg = Release|Any CPU
		{1A088780-D89D-4A19-8633-80F8843E6B74}.Release|iPhone.Build.0 = Release|Any CPU
		{1A088780-D89D-4A19-8633-80F8843E6B74}.Release|iPhone.Deploy.0 = Release|Any CPU
		{1A088780-D89D-4A19-8633-80F8843E6B74}.Release|iPhoneSimulator.ActiveCfg = Release|Any CPU
		{1A088780-D89D-4A19-8633-80F8843E6B74}.Release|iPhoneSimulator.Build.0 = Release|Any CPU
		{1A088780-D89D-4A19-8633-80F8843E6B74}.Release|iPhoneSimulator.Deploy.0 = Release|Any CPU
		{1A088780-D89D-4A19-8633-80F8843E6B74}.Release|x64.ActiveCfg = Release|Any CPU
		{1A088780-D89D-4A19-8633-80F8843E6B74}.Release|x64.Build.0 = Release|Any CPU
		{1A088780-D89D-4A19-8633-80F8843E6B74}.Release|x64.Deploy.0 = Release|Any CPU
		{1A088780-D89D-4A19-8633-80F8843E6B74}.Release|x86.ActiveCfg = Release|Any CPU
		{1A088780-D89D-4A19-8633-80F8843E6B74}.Release|x86.Build.0 = Release|Any CPU
		{1A088780-D89D-4A19-8633-80F8843E6B74}.Release|x86.Deploy.0 = Release|Any CPU
		{8CBBADFF-C0C6-438C-B0C8-B6AC1CE1F367}.Debug|Any CPU.ActiveCfg = Debug|iPhoneSimulator
		{8CBBADFF-C0C6-438C-B0C8-B6AC1CE1F367}.Debug|Any CPU.Build.0 = Debug|iPhoneSimulator
		{8CBBADFF-C0C6-438C-B0C8-B6AC1CE1F367}.Debug|Any CPU.Deploy.0 = Debug|iPhoneSimulator
		{8CBBADFF-C0C6-438C-B0C8-B6AC1CE1F367}.Debug|ARM.ActiveCfg = Debug|iPhone
		{8CBBADFF-C0C6-438C-B0C8-B6AC1CE1F367}.Debug|ARM.Build.0 = Debug|iPhone
		{8CBBADFF-C0C6-438C-B0C8-B6AC1CE1F367}.Debug|ARM.Deploy.0 = Debug|iPhone
		{8CBBADFF-C0C6-438C-B0C8-B6AC1CE1F367}.Debug|iPhone.ActiveCfg = Debug|iPhone
		{8CBBADFF-C0C6-438C-B0C8-B6AC1CE1F367}.Debug|iPhone.Build.0 = Debug|iPhone
		{8CBBADFF-C0C6-438C-B0C8-B6AC1CE1F367}.Debug|iPhone.Deploy.0 = Debug|iPhone
		{8CBBADFF-C0C6-438C-B0C8-B6AC1CE1F367}.Debug|iPhoneSimulator.ActiveCfg = Debug|iPhoneSimulator
		{8CBBADFF-C0C6-438C-B0C8-B6AC1CE1F367}.Debug|iPhoneSimulator.Build.0 = Debug|iPhoneSimulator
		{8CBBADFF-C0C6-438C-B0C8-B6AC1CE1F367}.Debug|iPhoneSimulator.Deploy.0 = Debug|iPhoneSimulator
		{8CBBADFF-C0C6-438C-B0C8-B6AC1CE1F367}.Debug|x64.ActiveCfg = Debug|iPhoneSimulator
		{8CBBADFF-C0C6-438C-B0C8-B6AC1CE1F367}.Debug|x64.Build.0 = Debug|iPhoneSimulator
		{8CBBADFF-C0C6-438C-B0C8-B6AC1CE1F367}.Debug|x64.Deploy.0 = Debug|iPhoneSimulator
		{8CBBADFF-C0C6-438C-B0C8-B6AC1CE1F367}.Debug|x86.ActiveCfg = Debug|iPhoneSimulator
		{8CBBADFF-C0C6-438C-B0C8-B6AC1CE1F367}.Debug|x86.Build.0 = Debug|iPhoneSimulator
		{8CBBADFF-C0C6-438C-B0C8-B6AC1CE1F367}.Debug|x86.Deploy.0 = Debug|iPhoneSimulator
		{8CBBADFF-C0C6-438C-B0C8-B6AC1CE1F367}.Release|Any CPU.ActiveCfg = Release|iPhoneSimulator
		{8CBBADFF-C0C6-438C-B0C8-B6AC1CE1F367}.Release|Any CPU.Build.0 = Release|iPhoneSimulator
		{8CBBADFF-C0C6-438C-B0C8-B6AC1CE1F367}.Release|Any CPU.Deploy.0 = Release|iPhoneSimulator
		{8CBBADFF-C0C6-438C-B0C8-B6AC1CE1F367}.Release|ARM.ActiveCfg = Release|iPhoneSimulator
		{8CBBADFF-C0C6-438C-B0C8-B6AC1CE1F367}.Release|ARM.Build.0 = Release|iPhoneSimulator
		{8CBBADFF-C0C6-438C-B0C8-B6AC1CE1F367}.Release|ARM.Deploy.0 = Release|iPhoneSimulator
		{8CBBADFF-C0C6-438C-B0C8-B6AC1CE1F367}.Release|iPhone.ActiveCfg = Release|iPhone
		{8CBBADFF-C0C6-438C-B0C8-B6AC1CE1F367}.Release|iPhone.Build.0 = Release|iPhone
		{8CBBADFF-C0C6-438C-B0C8-B6AC1CE1F367}.Release|iPhone.Deploy.0 = Release|iPhone
		{8CBBADFF-C0C6-438C-B0C8-B6AC1CE1F367}.Release|iPhoneSimulator.ActiveCfg = Release|iPhoneSimulator
		{8CBBADFF-C0C6-438C-B0C8-B6AC1CE1F367}.Release|iPhoneSimulator.Build.0 = Release|iPhoneSimulator
		{8CBBADFF-C0C6-438C-B0C8-B6AC1CE1F367}.Release|iPhoneSimulator.Deploy.0 = Release|iPhoneSimulator
		{8CBBADFF-C0C6-438C-B0C8-B6AC1CE1F367}.Release|x64.ActiveCfg = Release|iPhoneSimulator
		{8CBBADFF-C0C6-438C-B0C8-B6AC1CE1F367}.Release|x64.Build.0 = Release|iPhoneSimulator
		{8CBBADFF-C0C6-438C-B0C8-B6AC1CE1F367}.Release|x64.Deploy.0 = Release|iPhoneSimulator
		{8CBBADFF-C0C6-438C-B0C8-B6AC1CE1F367}.Release|x86.ActiveCfg = Release|iPhoneSimulator
		{8CBBADFF-C0C6-438C-B0C8-B6AC1CE1F367}.Release|x86.Build.0 = Release|iPhoneSimulator
		{8CBBADFF-C0C6-438C-B0C8-B6AC1CE1F367}.Release|x86.Deploy.0 = Release|iPhoneSimulator
		{5587140A-B5E3-4756-ACEA-B26492DFE151}.Debug|Any CPU.ActiveCfg = Debug|Any CPU
		{5587140A-B5E3-4756-ACEA-B26492DFE151}.Debug|Any CPU.Build.0 = Debug|Any CPU
		{5587140A-B5E3-4756-ACEA-B26492DFE151}.Debug|Any CPU.Deploy.0 = Debug|Any CPU
		{5587140A-B5E3-4756-ACEA-B26492DFE151}.Debug|ARM.ActiveCfg = Debug|Any CPU
		{5587140A-B5E3-4756-ACEA-B26492DFE151}.Debug|ARM.Build.0 = Debug|Any CPU
		{5587140A-B5E3-4756-ACEA-B26492DFE151}.Debug|ARM.Deploy.0 = Debug|Any CPU
		{5587140A-B5E3-4756-ACEA-B26492DFE151}.Debug|iPhone.ActiveCfg = Debug|Any CPU
		{5587140A-B5E3-4756-ACEA-B26492DFE151}.Debug|iPhone.Build.0 = Debug|Any CPU
		{5587140A-B5E3-4756-ACEA-B26492DFE151}.Debug|iPhone.Deploy.0 = Debug|Any CPU
		{5587140A-B5E3-4756-ACEA-B26492DFE151}.Debug|iPhoneSimulator.ActiveCfg = Debug|Any CPU
		{5587140A-B5E3-4756-ACEA-B26492DFE151}.Debug|iPhoneSimulator.Build.0 = Debug|Any CPU
		{5587140A-B5E3-4756-ACEA-B26492DFE151}.Debug|iPhoneSimulator.Deploy.0 = Debug|Any CPU
		{5587140A-B5E3-4756-ACEA-B26492DFE151}.Debug|x64.ActiveCfg = Debug|Any CPU
		{5587140A-B5E3-4756-ACEA-B26492DFE151}.Debug|x64.Build.0 = Debug|Any CPU
		{5587140A-B5E3-4756-ACEA-B26492DFE151}.Debug|x64.Deploy.0 = Debug|Any CPU
		{5587140A-B5E3-4756-ACEA-B26492DFE151}.Debug|x86.ActiveCfg = Debug|Any CPU
		{5587140A-B5E3-4756-ACEA-B26492DFE151}.Debug|x86.Build.0 = Debug|Any CPU
		{5587140A-B5E3-4756-ACEA-B26492DFE151}.Debug|x86.Deploy.0 = Debug|Any CPU
		{5587140A-B5E3-4756-ACEA-B26492DFE151}.Release|Any CPU.ActiveCfg = Release|Any CPU
		{5587140A-B5E3-4756-ACEA-B26492DFE151}.Release|Any CPU.Build.0 = Release|Any CPU
		{5587140A-B5E3-4756-ACEA-B26492DFE151}.Release|Any CPU.Deploy.0 = Release|Any CPU
		{5587140A-B5E3-4756-ACEA-B26492DFE151}.Release|ARM.ActiveCfg = Release|Any CPU
		{5587140A-B5E3-4756-ACEA-B26492DFE151}.Release|ARM.Build.0 = Release|Any CPU
		{5587140A-B5E3-4756-ACEA-B26492DFE151}.Release|ARM.Deploy.0 = Release|Any CPU
		{5587140A-B5E3-4756-ACEA-B26492DFE151}.Release|iPhone.ActiveCfg = Release|Any CPU
		{5587140A-B5E3-4756-ACEA-B26492DFE151}.Release|iPhone.Build.0 = Release|Any CPU
		{5587140A-B5E3-4756-ACEA-B26492DFE151}.Release|iPhone.Deploy.0 = Release|Any CPU
		{5587140A-B5E3-4756-ACEA-B26492DFE151}.Release|iPhoneSimulator.ActiveCfg = Release|Any CPU
		{5587140A-B5E3-4756-ACEA-B26492DFE151}.Release|iPhoneSimulator.Build.0 = Release|Any CPU
		{5587140A-B5E3-4756-ACEA-B26492DFE151}.Release|iPhoneSimulator.Deploy.0 = Release|Any CPU
		{5587140A-B5E3-4756-ACEA-B26492DFE151}.Release|x64.ActiveCfg = Release|Any CPU
		{5587140A-B5E3-4756-ACEA-B26492DFE151}.Release|x64.Build.0 = Release|Any CPU
		{5587140A-B5E3-4756-ACEA-B26492DFE151}.Release|x64.Deploy.0 = Release|Any CPU
		{5587140A-B5E3-4756-ACEA-B26492DFE151}.Release|x86.ActiveCfg = Release|Any CPU
		{5587140A-B5E3-4756-ACEA-B26492DFE151}.Release|x86.Build.0 = Release|Any CPU
		{5587140A-B5E3-4756-ACEA-B26492DFE151}.Release|x86.Deploy.0 = Release|Any CPU
	EndGlobalSection
	GlobalSection(SolutionProperties) = preSolution
		HideSolutionNode = FALSE
	EndGlobalSection
	GlobalSection(ExtensibilityGlobals) = postSolution
		SolutionGuid = {7C52292A-3D08-4FE2-A85A-031C47D0FF8B}
	EndGlobalSection
EndGlobal
